github.com/cenkalti/backoff/v4 v4.1.3 h1:cFAlzYUlVYDysBEH2T5hyJZMh3+5+WCBvSnK6Q8UtC4=
github.com/cenkalti/backoff/v4 v4.1.3/go.mod h1:scbssz8iZGpm3xbr14ovlUdkxfGXNInqkPWOWmG2CLw=
github.com/davecgh/go-spew v1.1.1 h1:vj9j/u1bqnvCEfJOwUhtlOARqs3+rkHYY13jYWTU97c=
github.com/dghubble/go-twitter v0.0.0-20221104224141-912508c3888b h1:XQu6o3AwJx/jsg9LZ41uIeUdXK5be099XFfFn6H9ikk=
github.com/dghubble/go-twitter v0.0.0-20221104224141-912508c3888b/go.mod h1:B0/qdW5XUupJvcsx40hnVbfjzz9He5YpYXx6eVVdiSY=
github.com/dghubble/oauth1 v0.7.2 h1:pwcinOZy8z6XkNxvPmUDY52M7RDPxt0Xw1zgZ6Cl5JA=
github.com/dghubble/oauth1 v0.7.2/go.mod h1:9erQdIhqhOHG/7K9s/tgh9Ks/AfoyrO5mW/43Lu2+kE=
github.com/dghubble/sling v1.4.0 h1:/n8MRosVTthvMbwlNZgLx579OGVjUOy3GNEv5BIqAWY=
github.com/dghubble/sling v1.4.0/go.mod h1:0r40aNsU9EdDUVBNhfCstAtFgutjgJGYbO1oNzkMoM8=
github.com/google/go-cmp v0.5.2 h1:X2ev0eStA3AbceY54o37/0PQ/UWqKEiiO2dKL5OPaFM=
github.com/google/go-cmp v0.5.2/go.mod h1:v8dTdLbMG2kIc/vJvl+f65V22dbkXbowE6jgT/gNBxE=
github.com/google/go-querystring v1.1.0 h1:AnCroh3fv4ZBgVIf1Iwtovgjaw/GiKJo8M8yD/fhyJ8=
github.com/google/go-querystring v1.1.0/go.mod h1:Kcdr2DB4koayq7X8pmAG4sNG59So17icRSOU623lUBU=
github.com/pmezard/go-difflib v1.0.0 h1:4DBwDE0NGyQoBHbLQYPwSUPoCMWR5BEzIk/f1lZbAQM=
github.com/stretchr/testify v1.8.1 h1:w7B6lhMri9wdJUVmEZPGGhZzrYTPvgJArz7wNPgYKsk=
golang.org/x/xerrors v0.0.0-20191204190536-9bdfabe68543/go.mod h1:I/5z698sn9Ka8TeJc9MKroUUfqBBauWjQqLJ2OPfmY0=
gopkg.in/yaml.v3 v3.0.1 h1:fxVm/GzAzEWqLHuvctI91KS9hhNmmWOoWu0XTYJS7CA=
